
Microsoft Visual Studio Solution File, Format Version 12.00
# Visual Studio Version 16
VisualStudioVersion = 16.0.33423.256
MinimumVisualStudioVersion = 10.0.40219.1
Project("{FAE04EC0-301F-11D3-BF4B-00C04F79EFBC}") = "CoffeeShop", "CoffeeShop\CoffeeShop.csproj", "{7D08989D-D13B-4DAB-AFCE-E3675D59075E}"
EndProject
Global
	GlobalSection(SolutionConfigurationPlatforms) = preSolution
		Debug|Any CPU = Debug|Any CPU
		Release|Any CPU = Release|Any CPU
	EndGlobalSection
	GlobalSection(ProjectConfigurationPlatforms) = postSolution
		{7D08989D-D13B-4DAB-AFCE-E3675D59075E}.Debug|Any CPU.ActiveCfg = Debug|Any CPU
		{7D08989D-D13B-4DAB-AFCE-E3675D59075E}.Debug|Any CPU.Build.0 = Debug|Any CPU
		{7D08989D-D13B-4DAB-AFCE-E3675D59075E}.Release|Any CPU.ActiveCfg = Release|Any CPU
		{7D08989D-D13B-4DAB-AFCE-E3675D59075E}.Release|Any CPU.Build.0 = Release|Any CPU
	EndGlobalSection
	GlobalSection(SolutionProperties) = preSolution
		HideSolutionNode = FALSE
	EndGlobalSection
	GlobalSection(ExtensibilityGlobals) = postSolution
		SolutionGuid = {3D6F4991-7EDD-4C59-9F10-149BD29F5509}
	EndGlobalSection
EndGlobal
